
Microsoft Visual Studio Solution File, Format Version 12.00
# Visual Studio Version 16
VisualStudioVersion = 16.0.29926.136
MinimumVisualStudioVersion = 10.0.40219.1
Project("{9A19103F-16F7-4668-BE54-9A1E7A4F7556}") = "Drudoca.Blog.Web", "Drudoca.Blog.Web\Drudoca.Blog.Web.csproj", "{AAAB26D8-7895-4787-AF81-9F40220A497C}"
EndProject
Project("{9A19103F-16F7-4668-BE54-9A1E7A4F7556}") = "Drudoca.Blog.Data", "Drudoca.Blog.Data\Drudoca.Blog.Data.csproj", "{99301003-7FDB-4EE2-882A-03E350F25455}"
EndProject
Project("{9A19103F-16F7-4668-BE54-9A1E7A4F7556}") = "Drudoca.Blog.DataAccess", "Drudoca.Blog.DataAccess\Drudoca.Blog.DataAccess.csproj", "{A13D894E-3DC2-4C63-874D-E1041D6404A3}"
EndProject
Project("{9A19103F-16F7-4668-BE54-9A1E7A4F7556}") = "Drudoca.Blog.DataAccess.Store", "Drudoca.Blog.DataAccess.Store\Drudoca.Blog.DataAccess.Store.csproj", "{089E0F36-077E-49C0-B49A-4CA05F0B5361}"
EndProject
Project("{9A19103F-16F7-4668-BE54-9A1E7A4F7556}") = "Drudoca.Blog.Config", "Drudoca.Blog.Config\Drudoca.Blog.Config.csproj", "{BC040EE2-9291-4DE4-8347-A833EF2DA86F}"
EndProject
Project("{9A19103F-16F7-4668-BE54-9A1E7A4F7556}") = "Drudoca.Blog.Domain", "Drudoca.Blog.Domain\Drudoca.Blog.Domain.csproj", "{973B6B4D-74F3-4951-9AEC-27E0A4CAB1F4}"
EndProject
Project("{FAE04EC0-301F-11D3-BF4B-00C04F79EFBC}") = "Drudoca.Blog.DataAccess.Sql", "Drudoca.Blog.DataAccess.Sql\Drudoca.Blog.DataAccess.Sql.csproj", "{CD6A8E8A-DE9C-455E-8E75-24C16433A3A6}"
EndProject
Global
	GlobalSection(SolutionConfigurationPlatforms) = preSolution
		Debug|Any CPU = Debug|Any CPU
		Release|Any CPU = Release|Any CPU
	EndGlobalSection
	GlobalSection(ProjectConfigurationPlatforms) = postSolution
		{AAAB26D8-7895-4787-AF81-9F40220A497C}.Debug|Any CPU.ActiveCfg = Debug|Any CPU
		{AAAB26D8-7895-4787-AF81-9F40220A497C}.Debug|Any CPU.Build.0 = Debug|Any CPU
		{AAAB26D8-7895-4787-AF81-9F40220A497C}.Release|Any CPU.ActiveCfg = Release|Any CPU
		{AAAB26D8-7895-4787-AF81-9F40220A497C}.Release|Any CPU.Build.0 = Release|Any CPU
		{99301003-7FDB-4EE2-882A-03E350F25455}.Debug|Any CPU.ActiveCfg = Debug|Any CPU
		{99301003-7FDB-4EE2-882A-03E350F25455}.Debug|Any CPU.Build.0 = Debug|Any CPU
		{99301003-7FDB-4EE2-882A-03E350F25455}.Release|Any CPU.ActiveCfg = Release|Any CPU
		{99301003-7FDB-4EE2-882A-03E350F25455}.Release|Any CPU.Build.0 = Release|Any CPU
		{A13D894E-3DC2-4C63-874D-E1041D6404A3}.Debug|Any CPU.ActiveCfg = Debug|Any CPU
		{A13D894E-3DC2-4C63-874D-E1041D6404A3}.Debug|Any CPU.Build.0 = Debug|Any CPU
		{A13D894E-3DC2-4C63-874D-E1041D6404A3}.Release|Any CPU.ActiveCfg = Release|Any CPU
		{A13D894E-3DC2-4C63-874D-E1041D6404A3}.Release|Any CPU.Build.0 = Release|Any CPU
		{089E0F36-077E-49C0-B49A-4CA05F0B5361}.Debug|Any CPU.ActiveCfg = Debug|Any CPU
		{089E0F36-077E-49C0-B49A-4CA05F0B5361}.Debug|Any CPU.Build.0 = Debug|Any CPU
		{089E0F36-077E-49C0-B49A-4CA05F0B5361}.Release|Any CPU.ActiveCfg = Release|Any CPU
		{089E0F36-077E-49C0-B49A-4CA05F0B5361}.Release|Any CPU.Build.0 = Release|Any CPU
		{BC040EE2-9291-4DE4-8347-A833EF2DA86F}.Debug|Any CPU.ActiveCfg = Debug|Any CPU
		{BC040EE2-9291-4DE4-8347-A833EF2DA86F}.Debug|Any CPU.Build.0 = Debug|Any CPU
		{BC040EE2-9291-4DE4-8347-A833EF2DA86F}.Release|Any CPU.ActiveCfg = Release|Any CPU
		{BC040EE2-9291-4DE4-8347-A833EF2DA86F}.Release|Any CPU.Build.0 = Release|Any CPU
		{973B6B4D-74F3-4951-9AEC-27E0A4CAB1F4}.Debug|Any CPU.ActiveCfg = Debug|Any CPU
		{973B6B4D-74F3-4951-9AEC-27E0A4CAB1F4}.Debug|Any CPU.Build.0 = Debug|Any CPU
		{973B6B4D-74F3-4951-9AEC-27E0A4CAB1F4}.Release|Any CPU.ActiveCfg = Release|Any CPU
		{973B6B4D-74F3-4951-9AEC-27E0A4CAB1F4}.Release|Any CPU.Build.0 = Release|Any CPU
		{CD6A8E8A-DE9C-455E-8E75-24C16433A3A6}.Debug|Any CPU.ActiveCfg = Debug|Any CPU
		{CD6A8E8A-DE9C-455E-8E75-24C16433A3A6}.Debug|Any CPU.Build.0 = Debug|Any CPU
		{CD6A8E8A-DE9C-455E-8E75-24C16433A3A6}.Release|Any CPU.ActiveCfg = Release|Any CPU
		{CD6A8E8A-DE9C-455E-8E75-24C16433A3A6}.Release|Any CPU.Build.0 = Release|Any CPU
	EndGlobalSection
	GlobalSection(SolutionProperties) = preSolution
		HideSolutionNode = FALSE
	EndGlobalSection
	GlobalSection(ExtensibilityGlobals) = postSolution
		SolutionGuid = {3A220764-1ECA-4ECA-BB4E-CFC9EC12910D}
	EndGlobalSection
EndGlobal
